
Microsoft Visual Studio Solution File, Format Version 12.00
# Visual Studio Version 17
VisualStudioVersion = 17.4.33122.133
MinimumVisualStudioVersion = 10.0.40219.1
Project("{2150E333-8FDC-42A3-9474-1A3956D46DE8}") = "src", "src", "{5A9F89A0-32CC-4718-9227-73F65F7B0227}"
EndProject
Project("{2150E333-8FDC-42A3-9474-1A3956D46DE8}") = "Core", "Core", "{7E8C106C-5DFD-4359-9012-8B149FFC3251}"
EndProject
Project("{2150E333-8FDC-42A3-9474-1A3956D46DE8}") = "Infrastructure", "Infrastructure", "{A600E95A-4AC6-4EFF-98BE-4711112F62AC}"
EndProject
Project("{2150E333-8FDC-42A3-9474-1A3956D46DE8}") = "Presentation", "Presentation", "{344B8407-F03D-4C94-BD60-70D872114243}"
EndProject
Project("{9A19103F-16F7-4668-BE54-9A1E7A4F7556}") = "Onion.JWTApp.Domain", "src\Core\Onion.JWTApp.Domain\Onion.JWTApp.Domain.csproj", "{AA3E003D-FC11-4DAC-8ACC-453A0AAC3B6D}"
EndProject
Project("{9A19103F-16F7-4668-BE54-9A1E7A4F7556}") = "Onion.JWTApp.Application", "src\Core\Onion.JWTApp.Application\Onion.JWTApp.Application.csproj", "{E91EDD4A-DE42-40B7-9F6F-A208BFC4159A}"
EndProject
Project("{9A19103F-16F7-4668-BE54-9A1E7A4F7556}") = "Onion.JWTApp.Persistence", "src\Infrastructure\Onion.JWTApp.Persistence\Onion.JWTApp.Persistence.csproj", "{83A74B99-3677-4595-9013-8D924E5D7BF4}"
EndProject
Project("{9A19103F-16F7-4668-BE54-9A1E7A4F7556}") = "Onion.JWTApp.API", "src\Presentation\Onion.JWTApp.API\Onion.JWTApp.API.csproj", "{4FB59EF0-99E1-4D14-8E7E-48C53CF26017}"
EndProject
Project("{9A19103F-16F7-4668-BE54-9A1E7A4F7556}") = "Onion.JWTApp.Mvc", "src\Presentation\AHY.JWTApp.Mvc\Onion.JWTApp.Mvc.csproj", "{E737976A-84C0-403D-9A0C-F068F4823B5B}"
EndProject
Global
	GlobalSection(SolutionConfigurationPlatforms) = preSolution
		Debug|Any CPU = Debug|Any CPU
		Release|Any CPU = Release|Any CPU
	EndGlobalSection
	GlobalSection(ProjectConfigurationPlatforms) = postSolution
		{AA3E003D-FC11-4DAC-8ACC-453A0AAC3B6D}.Debug|Any CPU.ActiveCfg = Debug|Any CPU
		{AA3E003D-FC11-4DAC-8ACC-453A0AAC3B6D}.Debug|Any CPU.Build.0 = Debug|Any CPU
		{AA3E003D-FC11-4DAC-8ACC-453A0AAC3B6D}.Release|Any CPU.ActiveCfg = Release|Any CPU
		{AA3E003D-FC11-4DAC-8ACC-453A0AAC3B6D}.Release|Any CPU.Build.0 = Release|Any CPU
		{E91EDD4A-DE42-40B7-9F6F-A208BFC4159A}.Debug|Any CPU.ActiveCfg = Debug|Any CPU
		{E91EDD4A-DE42-40B7-9F6F-A208BFC4159A}.Debug|Any CPU.Build.0 = Debug|Any CPU
		{E91EDD4A-DE42-40B7-9F6F-A208BFC4159A}.Release|Any CPU.ActiveCfg = Release|Any CPU
		{E91EDD4A-DE42-40B7-9F6F-A208BFC4159A}.Release|Any CPU.Build.0 = Release|Any CPU
		{83A74B99-3677-4595-9013-8D924E5D7BF4}.Debug|Any CPU.ActiveCfg = Debug|Any CPU
		{83A74B99-3677-4595-9013-8D924E5D7BF4}.Debug|Any CPU.Build.0 = Debug|Any CPU
		{83A74B99-3677-4595-9013-8D924E5D7BF4}.Release|Any CPU.ActiveCfg = Release|Any CPU
		{83A74B99-3677-4595-9013-8D924E5D7BF4}.Release|Any CPU.Build.0 = Release|Any CPU
		{4FB59EF0-99E1-4D14-8E7E-48C53CF26017}.Debug|Any CPU.ActiveCfg = Debug|Any CPU
		{4FB59EF0-99E1-4D14-8E7E-48C53CF26017}.Debug|Any CPU.Build.0 = Debug|Any CPU
		{4FB59EF0-99E1-4D14-8E7E-48C53CF26017}.Release|Any CPU.ActiveCfg = Release|Any CPU
		{4FB59EF0-99E1-4D14-8E7E-48C53CF26017}.Release|Any CPU.Build.0 = Release|Any CPU
		{E737976A-84C0-403D-9A0C-F068F4823B5B}.Debug|Any CPU.ActiveCfg = Debug|Any CPU
		{E737976A-84C0-403D-9A0C-F068F4823B5B}.Debug|Any CPU.Build.0 = Debug|Any CPU
		{E737976A-84C0-403D-9A0C-F068F4823B5B}.Release|Any CPU.ActiveCfg = Release|Any CPU
		{E737976A-84C0-403D-9A0C-F068F4823B5B}.Release|Any CPU.Build.0 = Release|Any CPU
	EndGlobalSection
	GlobalSection(SolutionProperties) = preSolution
		HideSolutionNode = FALSE
	EndGlobalSection
	GlobalSection(NestedProjects) = preSolution
		{7E8C106C-5DFD-4359-9012-8B149FFC3251} = {5A9F89A0-32CC-4718-9227-73F65F7B0227}
		{A600E95A-4AC6-4EFF-98BE-4711112F62AC} = {5A9F89A0-32CC-4718-9227-73F65F7B0227}
		{344B8407-F03D-4C94-BD60-70D872114243} = {5A9F89A0-32CC-4718-9227-73F65F7B0227}
		{AA3E003D-FC11-4DAC-8ACC-453A0AAC3B6D} = {7E8C106C-5DFD-4359-9012-8B149FFC3251}
		{E91EDD4A-DE42-40B7-9F6F-A208BFC4159A} = {7E8C106C-5DFD-4359-9012-8B149FFC3251}
		{83A74B99-3677-4595-9013-8D924E5D7BF4} = {A600E95A-4AC6-4EFF-98BE-4711112F62AC}
		{4FB59EF0-99E1-4D14-8E7E-48C53CF26017} = {344B8407-F03D-4C94-BD60-70D872114243}
		{E737976A-84C0-403D-9A0C-F068F4823B5B} = {344B8407-F03D-4C94-BD60-70D872114243}
	EndGlobalSection
	GlobalSection(ExtensibilityGlobals) = postSolution
		SolutionGuid = {99B0897D-DB45-4B51-B3BD-CA40A446078A}
	EndGlobalSection
EndGlobal
